{
    "name": "node4web",
    "lockfileVersion": 3,
    "requires": true,
    "packages": {
        "": {
            "devDependencies": {
                "@types/node": "^20.11.25",
                "check-dts": "^0.7.2",
                "prettier": "^3.2.5",
                "typescript": "^5.4.2"
            }
        },
        "node_modules/@nodelib/fs.scandir": {
            "version": "2.1.5",
            "resolved": "https://registry.npmjs.org/@nodelib/fs.scandir/-/fs.scandir-2.1.5.tgz",
            "integrity": "sha512-vq24Bq3ym5HEQm2NKCr3yXDwjc7vTsEThRDnkp2DK9p1uqLR+DHurm/NOTo0KG7HYHU7eppKZj3MyqYuMBf62g==",
            "dev": true,
            "dependencies": {
                "@nodelib/fs.stat": "2.0.5",
                "run-parallel": "^1.1.9"
            },
            "engines": {
                "node": ">= 8"
            }
        },
        "node_modules/@nodelib/fs.stat": {
            "version": "2.0.5",
            "resolved": "https://registry.npmjs.org/@nodelib/fs.stat/-/fs.stat-2.0.5.tgz",
            "integrity": "sha512-RkhPPp2zrqDAQA/2jNhnztcPAlv64XdhIp7a7454A5ovI7Bukxgt7MX7udwAu3zg1DcpPU0rz3VV1SeaqvY4+A==",
            "dev": true,
            "engines": {
                "node": ">= 8"
            }
        },
        "node_modules/@nodelib/fs.walk": {
            "version": "1.2.8",
            "resolved": "https://registry.npmjs.org/@nodelib/fs.walk/-/fs.walk-1.2.8.tgz",
            "integrity": "sha512-oGB+UxlgWcgQkgwo8GcEGwemoTFt3FIO9ababBmaGwXIoBKZ+GTy0pP185beGg7Llih/NSHSV2XAs1lnznocSg==",
            "dev": true,
            "dependencies": {
                "@nodelib/fs.scandir": "2.1.5",
                "fastq": "^1.6.0"
            },
            "engines": {
                "node": ">= 8"
            }
        },
        "node_modules/@types/node": {
            "version": "20.11.25",
            "resolved": "https://registry.npmjs.org/@types/node/-/node-20.11.25.tgz",
            "integrity": "sha512-TBHyJxk2b7HceLVGFcpAUjsa5zIdsPWlR6XHfyGzd0SFu+/NFgQgMAl96MSDZgQDvJAvV6BKsFOrt6zIL09JDw==",
            "dev": true,
            "dependencies": {
                "undici-types": "~5.26.4"
            }
        },
        "node_modules/@types/unist": {
            "version": "2.0.10",
            "resolved": "https://registry.npmjs.org/@types/unist/-/unist-2.0.10.tgz",
            "integrity": "sha512-IfYcSBWE3hLpBg8+X2SEa8LVkJdJEkT2Ese2aaLs3ptGdVtABxndrMaxuFlQ1qdFf9Q5rDvDpxI3WwgvKFAsQA==",
            "dev": true
        },
        "node_modules/braces": {
            "version": "3.0.2",
            "resolved": "https://registry.npmjs.org/braces/-/braces-3.0.2.tgz",
            "integrity": "sha512-b8um+L1RzM3WDSzvhm6gIz1yfTbBt6YTlcEKAvsmqCZZFw46z626lVj9j1yEPW33H5H+lBQpZMP1k8l+78Ha0A==",
            "dev": true,
            "dependencies": {
                "fill-range": "^7.0.1"
            },
            "engines": {
                "node": ">=8"
            }
        },
        "node_modules/check-dts": {
            "version": "0.7.2",
            "resolved": "https://registry.npmjs.org/check-dts/-/check-dts-0.7.2.tgz",
            "integrity": "sha512-ZflsEhv7SXlgNECrNIw1WmMJZ1787KtS62anWknLPI+k9g9OY2eA/UfT+Tsb0i0eWLUZHtFfznrNtGlQJrGaKw==",
            "dev": true,
            "dependencies": {
                "fast-glob": "^3.2.12",
                "nanospinner": "^1.1.0",
                "picocolors": "^1.0.0",
                "vfile-location": "^4.1.0"
            },
            "bin": {
                "check-dts": "bin.js"
            },
            "engines": {
                "node": ">=14.0.0"
            },
            "peerDependencies": {
                "typescript": ">=4.0.0"
            }
        },
        "node_modules/fast-glob": {
            "version": "3.3.2",
            "resolved": "https://registry.npmjs.org/fast-glob/-/fast-glob-3.3.2.tgz",
            "integrity": "sha512-oX2ruAFQwf/Orj8m737Y5adxDQO0LAB7/S5MnxCdTNDd4p6BsyIVsv9JQsATbTSq8KHRpLwIHbVlUNatxd+1Ow==",
            "dev": true,
            "dependencies": {
                "@nodelib/fs.stat": "^2.0.2",
                "@nodelib/fs.walk": "^1.2.3",
                "glob-parent": "^5.1.2",
                "merge2": "^1.3.0",
                "micromatch": "^4.0.4"
            },
            "engines": {
                "node": ">=8.6.0"
            }
        },
        "node_modules/fastq": {
            "version": "1.17.1",
            "resolved": "https://registry.npmjs.org/fastq/-/fastq-1.17.1.tgz",
            "integrity": "sha512-sRVD3lWVIXWg6By68ZN7vho9a1pQcN/WBFaAAsDDFzlJjvoGx0P8z7V1t72grFJfJhu3YPZBuu25f7Kaw2jN1w==",
            "dev": true,
            "dependencies": {
                "reusify": "^1.0.4"
            }
        },
        "node_modules/fill-range": {
            "version": "7.0.1",
            "resolved": "https://registry.npmjs.org/fill-range/-/fill-range-7.0.1.tgz",
            "integrity": "sha512-qOo9F+dMUmC2Lcb4BbVvnKJxTPjCm+RRpe4gDuGrzkL7mEVl/djYSu2OdQ2Pa302N4oqkSg9ir6jaLWJ2USVpQ==",
            "dev": true,
            "dependencies": {
                "to-regex-range": "^5.0.1"
            },
            "engines": {
                "node": ">=8"
            }
        },
        "node_modules/glob-parent": {
            "version": "5.1.2",
            "resolved": "https://registry.npmjs.org/glob-parent/-/glob-parent-5.1.2.tgz",
            "integrity": "sha512-AOIgSQCepiJYwP3ARnGx+5VnTu2HBYdzbGP45eLw1vr3zB3vZLeyed1sC9hnbcOc9/SrMyM5RPQrkGz4aS9Zow==",
            "dev": true,
            "dependencies": {
                "is-glob": "^4.0.1"
            },
            "engines": {
                "node": ">= 6"
            }
        },
        "node_modules/is-buffer": {
            "version": "2.0.5",
            "resolved": "https://registry.npmjs.org/is-buffer/-/is-buffer-2.0.5.tgz",
            "integrity": "sha512-i2R6zNFDwgEHJyQUtJEk0XFi1i0dPFn/oqjK3/vPCcDeJvW5NQ83V8QbicfF1SupOaB0h8ntgBC2YiE7dfyctQ==",
            "dev": true,
            "funding": [
                {
                    "type": "github",
                    "url": "https://github.com/sponsors/feross"
                },
                {
                    "type": "patreon",
                    "url": "https://www.patreon.com/feross"
                },
                {
                    "type": "consulting",
                    "url": "https://feross.org/support"
                }
            ],
            "engines": {
                "node": ">=4"
            }
        },
        "node_modules/is-extglob": {
            "version": "2.1.1",
            "resolved": "https://registry.npmjs.org/is-extglob/-/is-extglob-2.1.1.tgz",
            "integrity": "sha512-SbKbANkN603Vi4jEZv49LeVJMn4yGwsbzZworEoyEiutsN3nJYdbO36zfhGJ6QEDpOZIFkDtnq5JRxmvl3jsoQ==",
            "dev": true,
            "engines": {
                "node": ">=0.10.0"
            }
        },
        "node_modules/is-glob": {
            "version": "4.0.3",
            "resolved": "https://registry.npmjs.org/is-glob/-/is-glob-4.0.3.tgz",
            "integrity": "sha512-xelSayHH36ZgE7ZWhli7pW34hNbNl8Ojv5KVmkJD4hBdD3th8Tfk9vYasLM+mXWOZhFkgZfxhLSnrwRr4elSSg==",
            "dev": true,
            "dependencies": {
                "is-extglob": "^2.1.1"
            },
            "engines": {
                "node": ">=0.10.0"
            }
        },
        "node_modules/is-number": {
            "version": "7.0.0",
            "resolved": "https://registry.npmjs.org/is-number/-/is-number-7.0.0.tgz",
            "integrity": "sha512-41Cifkg6e8TylSpdtTpeLVMqvSBEVzTttHvERD741+pnZ8ANv0004MRL43QKPDlK9cGvNp6NZWZUBlbGXYxxng==",
            "dev": true,
            "engines": {
                "node": ">=0.12.0"
            }
        },
        "node_modules/merge2": {
            "version": "1.4.1",
            "resolved": "https://registry.npmjs.org/merge2/-/merge2-1.4.1.tgz",
            "integrity": "sha512-8q7VEgMJW4J8tcfVPy8g09NcQwZdbwFEqhe/WZkoIzjn/3TGDwtOCYtXGxA3O8tPzpczCCDgv+P2P5y00ZJOOg==",
            "dev": true,
            "engines": {
                "node": ">= 8"
            }
        },
        "node_modules/micromatch": {
            "version": "4.0.5",
            "resolved": "https://registry.npmjs.org/micromatch/-/micromatch-4.0.5.tgz",
            "integrity": "sha512-DMy+ERcEW2q8Z2Po+WNXuw3c5YaUSFjAO5GsJqfEl7UjvtIuFKO6ZrKvcItdy98dwFI2N1tg3zNIdKaQT+aNdA==",
            "dev": true,
            "dependencies": {
                "braces": "^3.0.2",
                "picomatch": "^2.3.1"
            },
            "engines": {
                "node": ">=8.6"
            }
        },
        "node_modules/nanospinner": {
            "version": "1.1.0",
            "resolved": "https://registry.npmjs.org/nanospinner/-/nanospinner-1.1.0.tgz",
            "integrity": "sha512-yFvNYMig4AthKYfHFl1sLj7B2nkHL4lzdig4osvl9/LdGbXwrdFRoqBS98gsEsOakr0yH+r5NZ/1Y9gdVB8trA==",
            "dev": true,
            "dependencies": {
                "picocolors": "^1.0.0"
            }
        },
        "node_modules/picocolors": {
            "version": "1.0.0",
            "resolved": "https://registry.npmjs.org/picocolors/-/picocolors-1.0.0.tgz",
            "integrity": "sha512-1fygroTLlHu66zi26VoTDv8yRgm0Fccecssto+MhsZ0D/DGW2sm8E8AjW7NU5VVTRt5GxbeZ5qBuJr+HyLYkjQ==",
            "dev": true
        },
        "node_modules/picomatch": {
            "version": "2.3.1",
            "resolved": "https://registry.npmjs.org/picomatch/-/picomatch-2.3.1.tgz",
            "integrity": "sha512-JU3teHTNjmE2VCGFzuY8EXzCDVwEqB2a8fsIvwaStHhAWJEeVd1o1QD80CU6+ZdEXXSLbSsuLwJjkCBWqRQUVA==",
            "dev": true,
            "engines": {
                "node": ">=8.6"
            },
            "funding": {
                "url": "https://github.com/sponsors/jonschlinkert"
            }
        },
        "node_modules/prettier": {
            "version": "3.2.5",
            "resolved": "https://registry.npmjs.org/prettier/-/prettier-3.2.5.tgz",
            "integrity": "sha512-3/GWa9aOC0YeD7LUfvOG2NiDyhOWRvt1k+rcKhOuYnMY24iiCphgneUfJDyFXd6rZCAnuLBv6UeAULtrhT/F4A==",
            "dev": true,
            "bin": {
                "prettier": "bin/prettier.cjs"
            },
            "engines": {
                "node": ">=14"
            },
            "funding": {
                "url": "https://github.com/prettier/prettier?sponsor=1"
            }
        },
        "node_modules/queue-microtask": {
            "version": "1.2.3",
            "resolved": "https://registry.npmjs.org/queue-microtask/-/queue-microtask-1.2.3.tgz",
            "integrity": "sha512-NuaNSa6flKT5JaSYQzJok04JzTL1CA6aGhv5rfLW3PgqA+M2ChpZQnAC8h8i4ZFkBS8X5RqkDBHA7r4hej3K9A==",
            "dev": true,
            "funding": [
                {
                    "type": "github",
                    "url": "https://github.com/sponsors/feross"
                },
                {
                    "type": "patreon",
                    "url": "https://www.patreon.com/feross"
                },
                {
                    "type": "consulting",
                    "url": "https://feross.org/support"
                }
            ]
        },
        "node_modules/reusify": {
            "version": "1.0.4",
            "resolved": "https://registry.npmjs.org/reusify/-/reusify-1.0.4.tgz",
            "integrity": "sha512-U9nH88a3fc/ekCF1l0/UP1IosiuIjyTh7hBvXVMHYgVcfGvt897Xguj2UOLDeI5BG2m7/uwyaLVT6fbtCwTyzw==",
            "dev": true,
            "engines": {
                "iojs": ">=1.0.0",
                "node": ">=0.10.0"
            }
        },
        "node_modules/run-parallel": {
            "version": "1.2.0",
            "resolved": "https://registry.npmjs.org/run-parallel/-/run-parallel-1.2.0.tgz",
            "integrity": "sha512-5l4VyZR86LZ/lDxZTR6jqL8AFE2S0IFLMP26AbjsLVADxHdhB/c0GUsH+y39UfCi3dzz8OlQuPmnaJOMoDHQBA==",
            "dev": true,
            "funding": [
                {
                    "type": "github",
                    "url": "https://github.com/sponsors/feross"
                },
                {
                    "type": "patreon",
                    "url": "https://www.patreon.com/feross"
                },
                {
                    "type": "consulting",
                    "url": "https://feross.org/support"
                }
            ],
            "dependencies": {
                "queue-microtask": "^1.2.2"
            }
        },
        "node_modules/to-regex-range": {
            "version": "5.0.1",
            "resolved": "https://registry.npmjs.org/to-regex-range/-/to-regex-range-5.0.1.tgz",
            "integrity": "sha512-65P7iz6X5yEr1cwcgvQxbbIw7Uk3gOy5dIdtZ4rDveLqhrdJP+Li/Hx6tyK0NEb+2GCyneCMJiGqrADCSNk8sQ==",
            "dev": true,
            "dependencies": {
                "is-number": "^7.0.0"
            },
            "engines": {
                "node": ">=8.0"
            }
        },
        "node_modules/typescript": {
            "version": "5.4.2",
            "resolved": "https://registry.npmjs.org/typescript/-/typescript-5.4.2.tgz",
            "integrity": "sha512-+2/g0Fds1ERlP6JsakQQDXjZdZMM+rqpamFZJEKh4kwTIn3iDkgKtby0CeNd5ATNZ4Ry1ax15TMx0W2V+miizQ==",
            "dev": true,
            "bin": {
                "tsc": "bin/tsc",
                "tsserver": "bin/tsserver"
            },
            "engines": {
                "node": ">=14.17"
            }
        },
        "node_modules/undici-types": {
            "version": "5.26.5",
            "resolved": "https://registry.npmjs.org/undici-types/-/undici-types-5.26.5.tgz",
            "integrity": "sha512-JlCMO+ehdEIKqlFxk6IfVoAUVmgz7cU7zD/h9XZ0qzeosSHmUJVOzSQvvYSYWXkFXC+IfLKSIffhv0sVZup6pA==",
            "dev": true
        },
        "node_modules/unist-util-stringify-position": {
            "version": "3.0.3",
            "resolved": "https://registry.npmjs.org/unist-util-stringify-position/-/unist-util-stringify-position-3.0.3.tgz",
            "integrity": "sha512-k5GzIBZ/QatR8N5X2y+drfpWG8IDBzdnVj6OInRNWm1oXrzydiaAT2OQiA8DPRRZyAKb9b6I2a6PxYklZD0gKg==",
            "dev": true,
            "dependencies": {
                "@types/unist": "^2.0.0"
            },
            "funding": {
                "type": "opencollective",
                "url": "https://opencollective.com/unified"
            }
        },
        "node_modules/vfile": {
            "version": "5.3.7",
            "resolved": "https://registry.npmjs.org/vfile/-/vfile-5.3.7.tgz",
            "integrity": "sha512-r7qlzkgErKjobAmyNIkkSpizsFPYiUPuJb5pNW1RB4JcYVZhs4lIbVqk8XPk033CV/1z8ss5pkax8SuhGpcG8g==",
            "dev": true,
            "dependencies": {
                "@types/unist": "^2.0.0",
                "is-buffer": "^2.0.0",
                "unist-util-stringify-position": "^3.0.0",
                "vfile-message": "^3.0.0"
            },
            "funding": {
                "type": "opencollective",
                "url": "https://opencollective.com/unified"
            }
        },
        "node_modules/vfile-location": {
            "version": "4.1.0",
            "resolved": "https://registry.npmjs.org/vfile-location/-/vfile-location-4.1.0.tgz",
            "integrity": "sha512-YF23YMyASIIJXpktBa4vIGLJ5Gs88UB/XePgqPmTa7cDA+JeO3yclbpheQYCHjVHBn/yePzrXuygIL+xbvRYHw==",
            "dev": true,
            "dependencies": {
                "@types/unist": "^2.0.0",
                "vfile": "^5.0.0"
            },
            "funding": {
                "type": "opencollective",
                "url": "https://opencollective.com/unified"
            }
        },
        "node_modules/vfile-message": {
            "version": "3.1.4",
            "resolved": "https://registry.npmjs.org/vfile-message/-/vfile-message-3.1.4.tgz",
            "integrity": "sha512-fa0Z6P8HUrQN4BZaX05SIVXic+7kE3b05PWAtPuYP9QLHsLKYR7/AlLW3NtOrpXRLeawpDLMsVkmk5DG0NXgWw==",
            "dev": true,
            "dependencies": {
                "@types/unist": "^2.0.0",
                "unist-util-stringify-position": "^3.0.0"
            },
            "funding": {
                "type": "opencollective",
                "url": "https://opencollective.com/unified"
            }
        }
    }
}
